
Microsoft Visual Studio Solution File, Format Version 12.00
# Visual Studio Version 17
VisualStudioVersion = 17.10.35004.147
MinimumVisualStudioVersion = 10.0.40219.1
Project("{8BC9CEB8-8B4A-11D0-8D11-00A0C91BC942}") = "Inheritance", "Inheritance\Inheritance.vcxproj", "{FD3C76EF-2929-4D2B-A1BD-90BAC2E16ABE}"
EndProject
Project("{8BC9CEB8-8B4A-11D0-8D11-00A0C91BC942}") = "Academy", "Academy\Academy.vcxproj", "{7F6317C6-A512-4962-A231-C4EC57EF9C21}"
EndProject
Project("{8BC9CEB8-8B4A-11D0-8D11-00A0C91BC942}") = "Files", "Files\Files.vcxproj", "{73388CFB-C9ED-4171-8FA5-709237141936}"
EndProject
Project("{8BC9CEB8-8B4A-11D0-8D11-00A0C91BC942}") = "AbstractBaseClass", "AbstractBaseClass\AbstractBaseClass.vcxproj", "{19BCC8FF-437F-4719-A8E8-CC4DF0C09ABE}"
EndProject
Global
	GlobalSection(SolutionConfigurationPlatforms) = preSolution
		Debug|x64 = Debug|x64
		Debug|x86 = Debug|x86
		Release|x64 = Release|x64
		Release|x86 = Release|x86
	EndGlobalSection
	GlobalSection(ProjectConfigurationPlatforms) = postSolution
		{FD3C76EF-2929-4D2B-A1BD-90BAC2E16ABE}.Debug|x64.ActiveCfg = Debug|x64
		{FD3C76EF-2929-4D2B-A1BD-90BAC2E16ABE}.Debug|x64.Build.0 = Debug|x64
		{FD3C76EF-2929-4D2B-A1BD-90BAC2E16ABE}.Debug|x86.ActiveCfg = Debug|Win32
		{FD3C76EF-2929-4D2B-A1BD-90BAC2E16ABE}.Debug|x86.Build.0 = Debug|Win32
		{FD3C76EF-2929-4D2B-A1BD-90BAC2E16ABE}.Release|x64.ActiveCfg = Release|x64
		{FD3C76EF-2929-4D2B-A1BD-90BAC2E16ABE}.Release|x64.Build.0 = Release|x64
		{FD3C76EF-2929-4D2B-A1BD-90BAC2E16ABE}.Release|x86.ActiveCfg = Release|Win32
		{FD3C76EF-2929-4D2B-A1BD-90BAC2E16ABE}.Release|x86.Build.0 = Release|Win32
		{7F6317C6-A512-4962-A231-C4EC57EF9C21}.Debug|x64.ActiveCfg = Debug|x64
		{7F6317C6-A512-4962-A231-C4EC57EF9C21}.Debug|x64.Build.0 = Debug|x64
		{7F6317C6-A512-4962-A231-C4EC57EF9C21}.Debug|x86.ActiveCfg = Debug|Win32
		{7F6317C6-A512-4962-A231-C4EC57EF9C21}.Debug|x86.Build.0 = Debug|Win32
		{7F6317C6-A512-4962-A231-C4EC57EF9C21}.Release|x64.ActiveCfg = Release|x64
		{7F6317C6-A512-4962-A231-C4EC57EF9C21}.Release|x64.Build.0 = Release|x64
		{7F6317C6-A512-4962-A231-C4EC57EF9C21}.Release|x86.ActiveCfg = Release|Win32
		{7F6317C6-A512-4962-A231-C4EC57EF9C21}.Release|x86.Build.0 = Release|Win32
		{73388CFB-C9ED-4171-8FA5-709237141936}.Debug|x64.ActiveCfg = Debug|x64
		{73388CFB-C9ED-4171-8FA5-709237141936}.Debug|x64.Build.0 = Debug|x64
		{73388CFB-C9ED-4171-8FA5-709237141936}.Debug|x86.ActiveCfg = Debug|Win32
		{73388CFB-C9ED-4171-8FA5-709237141936}.Debug|x86.Build.0 = Debug|Win32
		{73388CFB-C9ED-4171-8FA5-709237141936}.Release|x64.ActiveCfg = Release|x64
		{73388CFB-C9ED-4171-8FA5-709237141936}.Release|x64.Build.0 = Release|x64
		{73388CFB-C9ED-4171-8FA5-709237141936}.Release|x86.ActiveCfg = Release|Win32
		{73388CFB-C9ED-4171-8FA5-709237141936}.Release|x86.Build.0 = Release|Win32
		{19BCC8FF-437F-4719-A8E8-CC4DF0C09ABE}.Debug|x64.ActiveCfg = Debug|x64
		{19BCC8FF-437F-4719-A8E8-CC4DF0C09ABE}.Debug|x64.Build.0 = Debug|x64
		{19BCC8FF-437F-4719-A8E8-CC4DF0C09ABE}.Debug|x86.ActiveCfg = Debug|Win32
		{19BCC8FF-437F-4719-A8E8-CC4DF0C09ABE}.Debug|x86.Build.0 = Debug|Win32
		{19BCC8FF-437F-4719-A8E8-CC4DF0C09ABE}.Release|x64.ActiveCfg = Release|x64
		{19BCC8FF-437F-4719-A8E8-CC4DF0C09ABE}.Release|x64.Build.0 = Release|x64
		{19BCC8FF-437F-4719-A8E8-CC4DF0C09ABE}.Release|x86.ActiveCfg = Release|Win32
		{19BCC8FF-437F-4719-A8E8-CC4DF0C09ABE}.Release|x86.Build.0 = Release|Win32
	EndGlobalSection
	GlobalSection(SolutionProperties) = preSolution
		HideSolutionNode = FALSE
	EndGlobalSection
	GlobalSection(ExtensibilityGlobals) = postSolution
		SolutionGuid = {86016479-1A5A-4D0C-9B88-300EC5891E80}
	EndGlobalSection
EndGlobal
